// !$*UTF8*$!
{
	archiveVersion = 1;
	classes = {
	};
	objectVersion = 56;
	objects = {

/* Begin PBXBuildFile section */
		EC33BBF52A2B22DE00340544 /* FeedController.swift in Sources */ = {isa = PBXBuildFile; fileRef = EC33BBF42A2B22DE00340544 /* FeedController.swift */; };
		EC33BBF72A2B236B00340544 /* ExploreController.swift in Sources */ = {isa = PBXBuildFile; fileRef = EC33BBF62A2B236B00340544 /* ExploreController.swift */; };
		EC33BBF92A2B23A600340544 /* NotificationsController.swift in Sources */ = {isa = PBXBuildFile; fileRef = EC33BBF82A2B23A600340544 /* NotificationsController.swift */; };
		EC33BBFB2A2B23DC00340544 /* ConversationsController.swift in Sources */ = {isa = PBXBuildFile; fileRef = EC33BBFA2A2B23DC00340544 /* ConversationsController.swift */; };
		EC33BC052A2B567000340544 /* Extensions.swift in Sources */ = {isa = PBXBuildFile; fileRef = EC33BC042A2B567000340544 /* Extensions.swift */; };
		ECBD7B162A2A983300A9BA9F /* AppDelegate.swift in Sources */ = {isa = PBXBuildFile; fileRef = ECBD7B152A2A983300A9BA9F /* AppDelegate.swift */; };
		ECBD7B182A2A983300A9BA9F /* SceneDelegate.swift in Sources */ = {isa = PBXBuildFile; fileRef = ECBD7B172A2A983300A9BA9F /* SceneDelegate.swift */; };
		ECBD7B1D2A2A983300A9BA9F /* Main.storyboard in Resources */ = {isa = PBXBuildFile; fileRef = ECBD7B1B2A2A983300A9BA9F /* Main.storyboard */; };
		ECBD7B1F2A2A983600A9BA9F /* Assets.xcassets in Resources */ = {isa = PBXBuildFile; fileRef = ECBD7B1E2A2A983600A9BA9F /* Assets.xcassets */; };
		ECBD7B222A2A983600A9BA9F /* LaunchScreen.storyboard in Resources */ = {isa = PBXBuildFile; fileRef = ECBD7B202A2A983600A9BA9F /* LaunchScreen.storyboard */; };
		ECBD7B2D2A2A983600A9BA9F /* TwitterCloneTests.swift in Sources */ = {isa = PBXBuildFile; fileRef = ECBD7B2C2A2A983600A9BA9F /* TwitterCloneTests.swift */; };
		ECBD7B372A2A983600A9BA9F /* TwitterCloneUITests.swift in Sources */ = {isa = PBXBuildFile; fileRef = ECBD7B362A2A983600A9BA9F /* TwitterCloneUITests.swift */; };
		ECBD7B392A2A983600A9BA9F /* TwitterCloneUITestsLaunchTests.swift in Sources */ = {isa = PBXBuildFile; fileRef = ECBD7B382A2A983600A9BA9F /* TwitterCloneUITestsLaunchTests.swift */; };
		ECBD7B4C2A2A989E00A9BA9F /* MainTabbarController.swift in Sources */ = {isa = PBXBuildFile; fileRef = ECBD7B4B2A2A989E00A9BA9F /* MainTabbarController.swift */; };
/* End PBXBuildFile section */

/* Begin PBXContainerItemProxy section */
		ECBD7B292A2A983600A9BA9F /* PBXContainerItemProxy */ = {
			isa = PBXContainerItemProxy;
			containerPortal = ECBD7B0A2A2A983300A9BA9F /* Project object */;
			proxyType = 1;
			remoteGlobalIDString = ECBD7B112A2A983300A9BA9F;
			remoteInfo = TwitterClone;
		};
		ECBD7B332A2A983600A9BA9F /* PBXContainerItemProxy */ = {
			isa = PBXContainerItemProxy;
			containerPortal = ECBD7B0A2A2A983300A9BA9F /* Project object */;
			proxyType = 1;
			remoteGlobalIDString = ECBD7B112A2A983300A9BA9F;
			remoteInfo = TwitterClone;
		};
/* End PBXContainerItemProxy section */

/* Begin PBXFileReference section */
		EC33BBF42A2B22DE00340544 /* FeedController.swift */ = {isa = PBXFileReference; lastKnownFileType = sourcecode.swift; path = FeedController.swift; sourceTree = "<group>"; };
		EC33BBF62A2B236B00340544 /* ExploreController.swift */ = {isa = PBXFileReference; lastKnownFileType = sourcecode.swift; path = ExploreController.swift; sourceTree = "<group>"; };
		EC33BBF82A2B23A600340544 /* NotificationsController.swift */ = {isa = PBXFileReference; lastKnownFileType = sourcecode.swift; path = NotificationsController.swift; sourceTree = "<group>"; };
		EC33BBFA2A2B23DC00340544 /* ConversationsController.swift */ = {isa = PBXFileReference; lastKnownFileType = sourcecode.swift; path = ConversationsController.swift; sourceTree = "<group>"; };
		EC33BC042A2B567000340544 /* Extensions.swift */ = {isa = PBXFileReference; lastKnownFileType = sourcecode.swift; path = Extensions.swift; sourceTree = "<group>"; };
		ECBD7B122A2A983300A9BA9F /* TwitterClone.app */ = {isa = PBXFileReference; explicitFileType = wrapper.application; includeInIndex = 0; path = TwitterClone.app; sourceTree = BUILT_PRODUCTS_DIR; };
		ECBD7B152A2A983300A9BA9F /* AppDelegate.swift */ = {isa = PBXFileReference; lastKnownFileType = sourcecode.swift; path = AppDelegate.swift; sourceTree = "<group>"; };
		ECBD7B172A2A983300A9BA9F /* SceneDelegate.swift */ = {isa = PBXFileReference; lastKnownFileType = sourcecode.swift; path = SceneDelegate.swift; sourceTree = "<group>"; };
		ECBD7B1C2A2A983300A9BA9F /* Base */ = {isa = PBXFileReference; lastKnownFileType = file.storyboard; name = Base; path = Base.lproj/Main.storyboard; sourceTree = "<group>"; };
		ECBD7B1E2A2A983600A9BA9F /* Assets.xcassets */ = {isa = PBXFileReference; lastKnownFileType = folder.assetcatalog; path = Assets.xcassets; sourceTree = "<group>"; };
		ECBD7B212A2A983600A9BA9F /* Base */ = {isa = PBXFileReference; lastKnownFileType = file.storyboard; name = Base; path = Base.lproj/LaunchScreen.storyboard; sourceTree = "<group>"; };
		ECBD7B232A2A983600A9BA9F /* Info.plist */ = {isa = PBXFileReference; lastKnownFileType = text.plist.xml; path = Info.plist; sourceTree = "<group>"; };
		ECBD7B282A2A983600A9BA9F /* TwitterCloneTests.xctest */ = {isa = PBXFileReference; explicitFileType = wrapper.cfbundle; includeInIndex = 0; path = TwitterCloneTests.xctest; sourceTree = BUILT_PRODUCTS_DIR; };
		ECBD7B2C2A2A983600A9BA9F /* TwitterCloneTests.swift */ = {isa = PBXFileReference; lastKnownFileType = sourcecode.swift; path = TwitterCloneTests.swift; sourceTree = "<group>"; };
		ECBD7B322A2A983600A9BA9F /* TwitterCloneUITests.xctest */ = {isa = PBXFileReference; explicitFileType = wrapper.cfbundle; includeInIndex = 0; path = TwitterCloneUITests.xctest; sourceTree = BUILT_PRODUCTS_DIR; };
		ECBD7B362A2A983600A9BA9F /* TwitterCloneUITests.swift */ = {isa = PBXFileReference; lastKnownFileType = sourcecode.swift; path = TwitterCloneUITests.swift; sourceTree = "<group>"; };
		ECBD7B382A2A983600A9BA9F /* TwitterCloneUITestsLaunchTests.swift */ = {isa = PBXFileReference; lastKnownFileType = sourcecode.swift; path = TwitterCloneUITestsLaunchTests.swift; sourceTree = "<group>"; };
		ECBD7B4B2A2A989E00A9BA9F /* MainTabbarController.swift */ = {isa = PBXFileReference; lastKnownFileType = sourcecode.swift; path = MainTabbarController.swift; sourceTree = "<group>"; };
/* End PBXFileReference section */

/* Begin PBXFrameworksBuildPhase section */
		ECBD7B0F2A2A983300A9BA9F /* Frameworks */ = {
			isa = PBXFrameworksBuildPhase;
			buildActionMask = 2147483647;
			files = (
			);
			runOnlyForDeploymentPostprocessing = 0;
		};
		ECBD7B252A2A983600A9BA9F /* Frameworks */ = {
			isa = PBXFrameworksBuildPhase;
			buildActionMask = 2147483647;
			files = (
			);
			runOnlyForDeploymentPostprocessing = 0;
		};
		ECBD7B2F2A2A983600A9BA9F /* Frameworks */ = {
			isa = PBXFrameworksBuildPhase;
			buildActionMask = 2147483647;
			files = (
			);
			runOnlyForDeploymentPostprocessing = 0;
		};
/* End PBXFrameworksBuildPhase section */

/* Begin PBXGroup section */
		ECBD7B092A2A983300A9BA9F = {
			isa = PBXGroup;
			children = (
				ECBD7B142A2A983300A9BA9F /* TwitterClone */,
				ECBD7B2B2A2A983600A9BA9F /* TwitterCloneTests */,
				ECBD7B352A2A983600A9BA9F /* TwitterCloneUITests */,
				ECBD7B132A2A983300A9BA9F /* Products */,
			);
			sourceTree = "<group>";
		};
		ECBD7B132A2A983300A9BA9F /* Products */ = {
			isa = PBXGroup;
			children = (
				ECBD7B122A2A983300A9BA9F /* TwitterClone.app */,
				ECBD7B282A2A983600A9BA9F /* TwitterCloneTests.xctest */,
				ECBD7B322A2A983600A9BA9F /* TwitterCloneUITests.xctest */,
			);
			name = Products;
			sourceTree = "<group>";
		};
		ECBD7B142A2A983300A9BA9F /* TwitterClone */ = {
			isa = PBXGroup;
			children = (
				ECBD7B4A2A2A985E00A9BA9F /* Utils */,
				ECBD7B492A2A985800A9BA9F /* API */,
				ECBD7B482A2A985300A9BA9F /* Controller */,
				ECBD7B472A2A984D00A9BA9F /* ViewModel */,
				ECBD7B462A2A984400A9BA9F /* Model */,
				ECBD7B452A2A983F00A9BA9F /* View */,
				ECBD7B152A2A983300A9BA9F /* AppDelegate.swift */,
				ECBD7B172A2A983300A9BA9F /* SceneDelegate.swift */,
				ECBD7B1B2A2A983300A9BA9F /* Main.storyboard */,
				ECBD7B1E2A2A983600A9BA9F /* Assets.xcassets */,
				ECBD7B202A2A983600A9BA9F /* LaunchScreen.storyboard */,
				ECBD7B232A2A983600A9BA9F /* Info.plist */,
			);
			path = TwitterClone;
			sourceTree = "<group>";
		};
		ECBD7B2B2A2A983600A9BA9F /* TwitterCloneTests */ = {
			isa = PBXGroup;
			children = (
				ECBD7B2C2A2A983600A9BA9F /* TwitterCloneTests.swift */,
			);
			path = TwitterCloneTests;
			sourceTree = "<group>";
		};
		ECBD7B352A2A983600A9BA9F /* TwitterCloneUITests */ = {
			isa = PBXGroup;
			children = (
				ECBD7B362A2A983600A9BA9F /* TwitterCloneUITests.swift */,
				ECBD7B382A2A983600A9BA9F /* TwitterCloneUITestsLaunchTests.swift */,
			);
			path = TwitterCloneUITests;
			sourceTree = "<group>";
		};
		ECBD7B452A2A983F00A9BA9F /* View */ = {
			isa = PBXGroup;
			children = (
			);
			path = View;
			sourceTree = "<group>";
		};
		ECBD7B462A2A984400A9BA9F /* Model */ = {
			isa = PBXGroup;
			children = (
			);
			path = Model;
			sourceTree = "<group>";
		};
		ECBD7B472A2A984D00A9BA9F /* ViewModel */ = {
			isa = PBXGroup;
			children = (
			);
			path = ViewModel;
			sourceTree = "<group>";
		};
		ECBD7B482A2A985300A9BA9F /* Controller */ = {
			isa = PBXGroup;
			children = (
				ECBD7B4B2A2A989E00A9BA9F /* MainTabbarController.swift */,
				EC33BBF42A2B22DE00340544 /* FeedController.swift */,
				EC33BBF62A2B236B00340544 /* ExploreController.swift */,
				EC33BBF82A2B23A600340544 /* NotificationsController.swift */,
				EC33BBFA2A2B23DC00340544 /* ConversationsController.swift */,
			);
			path = Controller;
			sourceTree = "<group>";
		};
		ECBD7B492A2A985800A9BA9F /* API */ = {
			isa = PBXGroup;
			children = (
			);
			path = API;
			sourceTree = "<group>";
		};
		ECBD7B4A2A2A985E00A9BA9F /* Utils */ = {
			isa = PBXGroup;
			children = (
				EC33BC042A2B567000340544 /* Extensions.swift */,
			);
			path = Utils;
			sourceTree = "<group>";
		};
/* End PBXGroup section */

/* Begin PBXNativeTarget section */
		ECBD7B112A2A983300A9BA9F /* TwitterClone */ = {
			isa = PBXNativeTarget;
			buildConfigurationList = ECBD7B3C2A2A983600A9BA9F /* Build configuration list for PBXNativeTarget "TwitterClone" */;
			buildPhases = (
				ECBD7B0E2A2A983300A9BA9F /* Sources */,
				ECBD7B0F2A2A983300A9BA9F /* Frameworks */,
				ECBD7B102A2A983300A9BA9F /* Resources */,
			);
			buildRules = (
			);
			dependencies = (
			);
			name = TwitterClone;
			productName = TwitterClone;
			productReference = ECBD7B122A2A983300A9BA9F /* TwitterClone.app */;
			productType = "com.apple.product-type.application";
		};
		ECBD7B272A2A983600A9BA9F /* TwitterCloneTests */ = {
			isa = PBXNativeTarget;
			buildConfigurationList = ECBD7B3F2A2A983600A9BA9F /* Build configuration list for PBXNativeTarget "TwitterCloneTests" */;
			buildPhases = (
				ECBD7B242A2A983600A9BA9F /* Sources */,
				ECBD7B252A2A983600A9BA9F /* Frameworks */,
				ECBD7B262A2A983600A9BA9F /* Resources */,
			);
			buildRules = (
			);
			dependencies = (
				ECBD7B2A2A2A983600A9BA9F /* PBXTargetDependency */,
			);
			name = TwitterCloneTests;
			productName = TwitterCloneTests;
			productReference = ECBD7B282A2A983600A9BA9F /* TwitterCloneTests.xctest */;
			productType = "com.apple.product-type.bundle.unit-test";
		};
		ECBD7B312A2A983600A9BA9F /* TwitterCloneUITests */ = {
			isa = PBXNativeTarget;
			buildConfigurationList = ECBD7B422A2A983600A9BA9F /* Build configuration list for PBXNativeTarget "TwitterCloneUITests" */;
			buildPhases = (
				ECBD7B2E2A2A983600A9BA9F /* Sources */,
				ECBD7B2F2A2A983600A9BA9F /* Frameworks */,
				ECBD7B302A2A983600A9BA9F /* Resources */,
			);
			buildRules = (
			);
			dependencies = (
				ECBD7B342A2A983600A9BA9F /* PBXTargetDependency */,
			);
			name = TwitterCloneUITests;
			productName = TwitterCloneUITests;
			productReference = ECBD7B322A2A983600A9BA9F /* TwitterCloneUITests.xctest */;
			productType = "com.apple.product-type.bundle.ui-testing";
		};
/* End PBXNativeTarget section */

/* Begin PBXProject section */
		ECBD7B0A2A2A983300A9BA9F /* Project object */ = {
			isa = PBXProject;
			attributes = {
				BuildIndependentTargetsInParallel = 1;
				LastSwiftUpdateCheck = 1420;
				LastUpgradeCheck = 1420;
				TargetAttributes = {
					ECBD7B112A2A983300A9BA9F = {
						CreatedOnToolsVersion = 14.2;
					};
					ECBD7B272A2A983600A9BA9F = {
						CreatedOnToolsVersion = 14.2;
						TestTargetID = ECBD7B112A2A983300A9BA9F;
					};
					ECBD7B312A2A983600A9BA9F = {
						CreatedOnToolsVersion = 14.2;
						TestTargetID = ECBD7B112A2A983300A9BA9F;
					};
				};
			};
			buildConfigurationList = ECBD7B0D2A2A983300A9BA9F /* Build configuration list for PBXProject "TwitterClone" */;
			compatibilityVersion = "Xcode 14.0";
			developmentRegion = en;
			hasScannedForEncodings = 0;
			knownRegions = (
				en,
				Base,
			);
			mainGroup = ECBD7B092A2A983300A9BA9F;
			productRefGroup = ECBD7B132A2A983300A9BA9F /* Products */;
			projectDirPath = "";
			projectRoot = "";
			targets = (
				ECBD7B112A2A983300A9BA9F /* TwitterClone */,
				ECBD7B272A2A983600A9BA9F /* TwitterCloneTests */,
				ECBD7B312A2A983600A9BA9F /* TwitterCloneUITests */,
			);
		};
/* End PBXProject section */

/* Begin PBXResourcesBuildPhase section */
		ECBD7B102A2A983300A9BA9F /* Resources */ = {
			isa = PBXResourcesBuildPhase;
			buildActionMask = 2147483647;
			files = (
				ECBD7B222A2A983600A9BA9F /* LaunchScreen.storyboard in Resources */,
				ECBD7B1F2A2A983600A9BA9F /* Assets.xcassets in Resources */,
				ECBD7B1D2A2A983300A9BA9F /* Main.storyboard in Resources */,
			);
			runOnlyForDeploymentPostprocessing = 0;
		};
		ECBD7B262A2A983600A9BA9F /* Resources */ = {
			isa = PBXResourcesBuildPhase;
			buildActionMask = 2147483647;
			files = (
			);
			runOnlyForDeploymentPostprocessing = 0;
		};
		ECBD7B302A2A983600A9BA9F /* Resources */ = {
			isa = PBXResourcesBuildPhase;
			buildActionMask = 2147483647;
			files = (
			);
			runOnlyForDeploymentPostprocessing = 0;
		};
/* End PBXResourcesBuildPhase section */

/* Begin PBXSourcesBuildPhase section */
		ECBD7B0E2A2A983300A9BA9F /* Sources */ = {
			isa = PBXSourcesBuildPhase;
			buildActionMask = 2147483647;
			files = (
				EC33BBF92A2B23A600340544 /* NotificationsController.swift in Sources */,
				EC33BBFB2A2B23DC00340544 /* ConversationsController.swift in Sources */,
				ECBD7B162A2A983300A9BA9F /* AppDelegate.swift in Sources */,
				EC33BC052A2B567000340544 /* Extensions.swift in Sources */,
				EC33BBF72A2B236B00340544 /* ExploreController.swift in Sources */,
				ECBD7B182A2A983300A9BA9F /* SceneDelegate.swift in Sources */,
				EC33BBF52A2B22DE00340544 /* FeedController.swift in Sources */,
				ECBD7B4C2A2A989E00A9BA9F /* MainTabbarController.swift in Sources */,
			);
			runOnlyForDeploymentPostprocessing = 0;
		};
		ECBD7B242A2A983600A9BA9F /* Sources */ = {
			isa = PBXSourcesBuildPhase;
			buildActionMask = 2147483647;
			files = (
				ECBD7B2D2A2A983600A9BA9F /* TwitterCloneTests.swift in Sources */,
			);
			runOnlyForDeploymentPostprocessing = 0;
		};
		ECBD7B2E2A2A983600A9BA9F /* Sources */ = {
			isa = PBXSourcesBuildPhase;
			buildActionMask = 2147483647;
			files = (
				ECBD7B392A2A983600A9BA9F /* TwitterCloneUITestsLaunchTests.swift in Sources */,
				ECBD7B372A2A983600A9BA9F /* TwitterCloneUITests.swift in Sources */,
			);
			runOnlyForDeploymentPostprocessing = 0;
		};
/* End PBXSourcesBuildPhase section */

/* Begin PBXTargetDependency section */
		ECBD7B2A2A2A983600A9BA9F /* PBXTargetDependency */ = {
			isa = PBXTargetDependency;
			target = ECBD7B112A2A983300A9BA9F /* TwitterClone */;
			targetProxy = ECBD7B292A2A983600A9BA9F /* PBXContainerItemProxy */;
		};
		ECBD7B342A2A983600A9BA9F /* PBXTargetDependency */ = {
			isa = PBXTargetDependency;
			target = ECBD7B112A2A983300A9BA9F /* TwitterClone */;
			targetProxy = ECBD7B332A2A983600A9BA9F /* PBXContainerItemProxy */;
		};
/* End PBXTargetDependency section */

/* Begin PBXVariantGroup section */
		ECBD7B1B2A2A983300A9BA9F /* Main.storyboard */ = {
			isa = PBXVariantGroup;
			children = (
				ECBD7B1C2A2A983300A9BA9F /* Base */,
			);
			name = Main.storyboard;
			sourceTree = "<group>";
		};
		ECBD7B202A2A983600A9BA9F /* LaunchScreen.storyboard */ = {
			isa = PBXVariantGroup;
			children = (
				ECBD7B212A2A983600A9BA9F /* Base */,
			);
			name = LaunchScreen.storyboard;
			sourceTree = "<group>";
		};
/* End PBXVariantGroup section */

/* Begin XCBuildConfiguration section */
		ECBD7B3A2A2A983600A9BA9F /* Debug */ = {
			isa = XCBuildConfiguration;
			buildSettings = {
				ALWAYS_SEARCH_USER_PATHS = NO;
				CLANG_ANALYZER_NONNULL = YES;
				CLANG_ANALYZER_NUMBER_OBJECT_CONVERSION = YES_AGGRESSIVE;
				CLANG_CXX_LANGUAGE_STANDARD = "gnu++20";
				CLANG_ENABLE_MODULES = YES;
				CLANG_ENABLE_OBJC_ARC = YES;
				CLANG_ENABLE_OBJC_WEAK = YES;
				CLANG_WARN_BLOCK_CAPTURE_AUTORELEASING = YES;
				CLANG_WARN_BOOL_CONVERSION = YES;
				CLANG_WARN_COMMA = YES;
				CLANG_WARN_CONSTANT_CONVERSION = YES;
				CLANG_WARN_DEPRECATED_OBJC_IMPLEMENTATIONS = YES;
				CLANG_WARN_DIRECT_OBJC_ISA_USAGE = YES_ERROR;
				CLANG_WARN_DOCUMENTATION_COMMENTS = YES;
				CLANG_WARN_EMPTY_BODY = YES;
				CLANG_WARN_ENUM_CONVERSION = YES;
				CLANG_WARN_INFINITE_RECURSION = YES;
				CLANG_WARN_INT_CONVERSION = YES;
				CLANG_WARN_NON_LITERAL_NULL_CONVERSION = YES;
				CLANG_WARN_OBJC_IMPLICIT_RETAIN_SELF = YES;
				CLANG_WARN_OBJC_LITERAL_CONVERSION = YES;
				CLANG_WARN_OBJC_ROOT_CLASS = YES_ERROR;
				CLANG_WARN_QUOTED_INCLUDE_IN_FRAMEWORK_HEADER = YES;
				CLANG_WARN_RANGE_LOOP_ANALYSIS = YES;
				CLANG_WARN_STRICT_PROTOTYPES = YES;
				CLANG_WARN_SUSPICIOUS_MOVE = YES;
				CLANG_WARN_UNGUARDED_AVAILABILITY = YES_AGGRESSIVE;
				CLANG_WARN_UNREACHABLE_CODE = YES;
				CLANG_WARN__DUPLICATE_METHOD_MATCH = YES;
				COPY_PHASE_STRIP = NO;
				DEBUG_INFORMATION_FORMAT = dwarf;
				ENABLE_STRICT_OBJC_MSGSEND = YES;
				ENABLE_TESTABILITY = YES;
				GCC_C_LANGUAGE_STANDARD = gnu11;
				GCC_DYNAMIC_NO_PIC = NO;
				GCC_NO_COMMON_BLOCKS = YES;
				GCC_OPTIMIZATION_LEVEL = 0;
				GCC_PREPROCESSOR_DEFINITIONS = (
					"DEBUG=1",
					"$(inherited)",
				);
				GCC_WARN_64_TO_32_BIT_CONVERSION = YES;
				GCC_WARN_ABOUT_RETURN_TYPE = YES_ERROR;
				GCC_WARN_UNDECLARED_SELECTOR = YES;
				GCC_WARN_UNINITIALIZED_AUTOS = YES_AGGRESSIVE;
				GCC_WARN_UNUSED_FUNCTION = YES;
				GCC_WARN_UNUSED_VARIABLE = YES;
				IPHONEOS_DEPLOYMENT_TARGET = 16.2;
				MTL_ENABLE_DEBUG_INFO = INCLUDE_SOURCE;
				MTL_FAST_MATH = YES;
				ONLY_ACTIVE_ARCH = YES;
				SDKROOT = iphoneos;
				SWIFT_ACTIVE_COMPILATION_CONDITIONS = DEBUG;
				SWIFT_OPTIMIZATION_LEVEL = "-Onone";
			};
			name = Debug;
		};
		ECBD7B3B2A2A983600A9BA9F /* Release */ = {
			isa = XCBuildConfiguration;
			buildSettings = {
				ALWAYS_SEARCH_USER_PATHS = NO;
				CLANG_ANALYZER_NONNULL = YES;
				CLANG_ANALYZER_NUMBER_OBJECT_CONVERSION = YES_AGGRESSIVE;
				CLANG_CXX_LANGUAGE_STANDARD = "gnu++20";
				CLANG_ENABLE_MODULES = YES;
				CLANG_ENABLE_OBJC_ARC = YES;
				CLANG_ENABLE_OBJC_WEAK = YES;
				CLANG_WARN_BLOCK_CAPTURE_AUTORELEASING = YES;
				CLANG_WARN_BOOL_CONVERSION = YES;
				CLANG_WARN_COMMA = YES;
				CLANG_WARN_CONSTANT_CONVERSION = YES;
				CLANG_WARN_DEPRECATED_OBJC_IMPLEMENTATIONS = YES;
				CLANG_WARN_DIRECT_OBJC_ISA_USAGE = YES_ERROR;
				CLANG_WARN_DOCUMENTATION_COMMENTS = YES;
				CLANG_WARN_EMPTY_BODY = YES;
				CLANG_WARN_ENUM_CONVERSION = YES;
				CLANG_WARN_INFINITE_RECURSION = YES;
				CLANG_WARN_INT_CONVERSION = YES;
				CLANG_WARN_NON_LITERAL_NULL_CONVERSION = YES;
				CLANG_WARN_OBJC_IMPLICIT_RETAIN_SELF = YES;
				CLANG_WARN_OBJC_LITERAL_CONVERSION = YES;
				CLANG_WARN_OBJC_ROOT_CLASS = YES_ERROR;
				CLANG_WARN_QUOTED_INCLUDE_IN_FRAMEWORK_HEADER = YES;
				CLANG_WARN_RANGE_LOOP_ANALYSIS = YES;
				CLANG_WARN_STRICT_PROTOTYPES = YES;
				CLANG_WARN_SUSPICIOUS_MOVE = YES;
				CLANG_WARN_UNGUARDED_AVAILABILITY = YES_AGGRESSIVE;
				CLANG_WARN_UNREACHABLE_CODE = YES;
				CLANG_WARN__DUPLICATE_METHOD_MATCH = YES;
				COPY_PHASE_STRIP = NO;
				DEBUG_INFORMATION_FORMAT = "dwarf-with-dsym";
				ENABLE_NS_ASSERTIONS = NO;
				ENABLE_STRICT_OBJC_MSGSEND = YES;
				GCC_C_LANGUAGE_STANDARD = gnu11;
				GCC_NO_COMMON_BLOCKS = YES;
				GCC_WARN_64_TO_32_BIT_CONVERSION = YES;
				GCC_WARN_ABOUT_RETURN_TYPE = YES_ERROR;
				GCC_WARN_UNDECLARED_SELECTOR = YES;
				GCC_WARN_UNINITIALIZED_AUTOS = YES_AGGRESSIVE;
				GCC_WARN_UNUSED_FUNCTION = YES;
				GCC_WARN_UNUSED_VARIABLE = YES;
				IPHONEOS_DEPLOYMENT_TARGET = 16.2;
				MTL_ENABLE_DEBUG_INFO = NO;
				MTL_FAST_MATH = YES;
				SDKROOT = iphoneos;
				SWIFT_COMPILATION_MODE = wholemodule;
				SWIFT_OPTIMIZATION_LEVEL = "-O";
				VALIDATE_PRODUCT = YES;
			};
			name = Release;
		};
		ECBD7B3D2A2A983600A9BA9F /* Debug */ = {
			isa = XCBuildConfiguration;
			buildSettings = {
				ASSETCATALOG_COMPILER_APPICON_NAME = AppIcon;
				ASSETCATALOG_COMPILER_GLOBAL_ACCENT_COLOR_NAME = AccentColor;
				CODE_SIGN_STYLE = Automatic;
				CURRENT_PROJECT_VERSION = 1;
				DEVELOPMENT_TEAM = Z8LKPFG943;
				GENERATE_INFOPLIST_FILE = YES;
				INFOPLIST_FILE = TwitterClone/Info.plist;
				INFOPLIST_KEY_UIApplicationSupportsIndirectInputEvents = YES;
				INFOPLIST_KEY_UILaunchStoryboardName = LaunchScreen;
				INFOPLIST_KEY_UIMainStoryboardFile = Main;
				INFOPLIST_KEY_UISupportedInterfaceOrientations_iPad = "UIInterfaceOrientationPortrait UIInterfaceOrientationPortraitUpsideDown UIInterfaceOrientationLandscapeLeft UIInterfaceOrientationLandscapeRight";
				INFOPLIST_KEY_UISupportedInterfaceOrientations_iPhone = "UIInterfaceOrientationPortrait UIInterfaceOrientationLandscapeLeft UIInterfaceOrientationLandscapeRight";
				LD_RUNPATH_SEARCH_PATHS = (
					"$(inherited)",
					"@executable_path/Frameworks",
				);
				MARKETING_VERSION = 1.0;
				PRODUCT_BUNDLE_IDENTIFIER = com.yasinakca.TwitterClone;
				PRODUCT_NAME = "$(TARGET_NAME)";
				SWIFT_EMIT_LOC_STRINGS = YES;
				SWIFT_VERSION = 5.0;
				TARGETED_DEVICE_FAMILY = "1,2";
			};
			name = Debug;
		};
		ECBD7B3E2A2A983600A9BA9F /* Release */ = {
			isa = XCBuildConfiguration;
			buildSettings = {
				ASSETCATALOG_COMPILER_APPICON_NAME = AppIcon;
				ASSETCATALOG_COMPILER_GLOBAL_ACCENT_COLOR_NAME = AccentColor;
				CODE_SIGN_STYLE = Automatic;
				CURRENT_PROJECT_VERSION = 1;
				DEVELOPMENT_TEAM = Z8LKPFG943;
				GENERATE_INFOPLIST_FILE = YES;
				INFOPLIST_FILE = TwitterClone/Info.plist;
				INFOPLIST_KEY_UIApplicationSupportsIndirectInputEvents = YES;
				INFOPLIST_KEY_UILaunchStoryboardName = LaunchScreen;
				INFOPLIST_KEY_UIMainStoryboardFile = Main;
				INFOPLIST_KEY_UISupportedInterfaceOrientations_iPad = "UIInterfaceOrientationPortrait UIInterfaceOrientationPortraitUpsideDown UIInterfaceOrientationLandscapeLeft UIInterfaceOrientationLandscapeRight";
				INFOPLIST_KEY_UISupportedInterfaceOrientations_iPhone = "UIInterfaceOrientationPortrait UIInterfaceOrientationLandscapeLeft UIInterfaceOrientationLandscapeRight";
				LD_RUNPATH_SEARCH_PATHS = (
					"$(inherited)",
					"@executable_path/Frameworks",
				);
				MARKETING_VERSION = 1.0;
				PRODUCT_BUNDLE_IDENTIFIER = com.yasinakca.TwitterClone;
				PRODUCT_NAME = "$(TARGET_NAME)";
				SWIFT_EMIT_LOC_STRINGS = YES;
				SWIFT_VERSION = 5.0;
				TARGETED_DEVICE_FAMILY = "1,2";
			};
			name = Release;
		};
		ECBD7B402A2A983600A9BA9F /* Debug */ = {
			isa = XCBuildConfiguration;
			buildSettings = {
				ALWAYS_EMBED_SWIFT_STANDARD_LIBRARIES = YES;
				BUNDLE_LOADER = "$(TEST_HOST)";
				CODE_SIGN_STYLE = Automatic;
				CURRENT_PROJECT_VERSION = 1;
				DEVELOPMENT_TEAM = Z8LKPFG943;
				GENERATE_INFOPLIST_FILE = YES;
				IPHONEOS_DEPLOYMENT_TARGET = 16.2;
				MARKETING_VERSION = 1.0;
				PRODUCT_BUNDLE_IDENTIFIER = com.yasinakca.TwitterCloneTests;
				PRODUCT_NAME = "$(TARGET_NAME)";
				SWIFT_EMIT_LOC_STRINGS = NO;
				SWIFT_VERSION = 5.0;
				TARGETED_DEVICE_FAMILY = "1,2";
				TEST_HOST = "$(BUILT_PRODUCTS_DIR)/TwitterClone.app/$(BUNDLE_EXECUTABLE_FOLDER_PATH)/TwitterClone";
			};
			name = Debug;
		};
		ECBD7B412A2A983600A9BA9F /* Release */ = {
			isa = XCBuildConfiguration;
			buildSettings = {
				ALWAYS_EMBED_SWIFT_STANDARD_LIBRARIES = YES;
				BUNDLE_LOADER = "$(TEST_HOST)";
				CODE_SIGN_STYLE = Automatic;
				CURRENT_PROJECT_VERSION = 1;
				DEVELOPMENT_TEAM = Z8LKPFG943;
				GENERATE_INFOPLIST_FILE = YES;
				IPHONEOS_DEPLOYMENT_TARGET = 16.2;
				MARKETING_VERSION = 1.0;
				PRODUCT_BUNDLE_IDENTIFIER = com.yasinakca.TwitterCloneTests;
				PRODUCT_NAME = "$(TARGET_NAME)";
				SWIFT_EMIT_LOC_STRINGS = NO;
				SWIFT_VERSION = 5.0;
				TARGETED_DEVICE_FAMILY = "1,2";
				TEST_HOST = "$(BUILT_PRODUCTS_DIR)/TwitterClone.app/$(BUNDLE_EXECUTABLE_FOLDER_PATH)/TwitterClone";
			};
			name = Release;
		};
		ECBD7B432A2A983600A9BA9F /* Debug */ = {
			isa = XCBuildConfiguration;
			buildSettings = {
				ALWAYS_EMBED_SWIFT_STANDARD_LIBRARIES = YES;
				CODE_SIGN_STYLE = Automatic;
				CURRENT_PROJECT_VERSION = 1;
				DEVELOPMENT_TEAM = Z8LKPFG943;
				GENERATE_INFOPLIST_FILE = YES;
				MARKETING_VERSION = 1.0;
				PRODUCT_BUNDLE_IDENTIFIER = com.yasinakca.TwitterCloneUITests;
				PRODUCT_NAME = "$(TARGET_NAME)";
				SWIFT_EMIT_LOC_STRINGS = NO;
				SWIFT_VERSION = 5.0;
				TARGETED_DEVICE_FAMILY = "1,2";
				TEST_TARGET_NAME = TwitterClone;
			};
			name = Debug;
		};
		ECBD7B442A2A983600A9BA9F /* Release */ = {
			isa = XCBuildConfiguration;
			buildSettings = {
				ALWAYS_EMBED_SWIFT_STANDARD_LIBRARIES = YES;
				CODE_SIGN_STYLE = Automatic;
				CURRENT_PROJECT_VERSION = 1;
				DEVELOPMENT_TEAM = Z8LKPFG943;
				GENERATE_INFOPLIST_FILE = YES;
				MARKETING_VERSION = 1.0;
				PRODUCT_BUNDLE_IDENTIFIER = com.yasinakca.TwitterCloneUITests;
				PRODUCT_NAME = "$(TARGET_NAME)";
				SWIFT_EMIT_LOC_STRINGS = NO;
				SWIFT_VERSION = 5.0;
				TARGETED_DEVICE_FAMILY = "1,2";
				TEST_TARGET_NAME = TwitterClone;
			};
			name = Release;
		};
/* End XCBuildConfiguration section */

/* Begin XCConfigurationList section */
		ECBD7B0D2A2A983300A9BA9F /* Build configuration list for PBXProject "TwitterClone" */ = {
			isa = XCConfigurationList;
			buildConfigurations = (
				ECBD7B3A2A2A983600A9BA9F /* Debug */,
				ECBD7B3B2A2A983600A9BA9F /* Release */,
			);
			defaultConfigurationIsVisible = 0;
			defaultConfigurationName = Release;
		};
		ECBD7B3C2A2A983600A9BA9F /* Build configuration list for PBXNativeTarget "TwitterClone" */ = {
			isa = XCConfigurationList;
			buildConfigurations = (
				ECBD7B3D2A2A983600A9BA9F /* Debug */,
				ECBD7B3E2A2A983600A9BA9F /* Release */,
			);
			defaultConfigurationIsVisible = 0;
			defaultConfigurationName = Release;
		};
		ECBD7B3F2A2A983600A9BA9F /* Build configuration list for PBXNativeTarget "TwitterCloneTests" */ = {
			isa = XCConfigurationList;
			buildConfigurations = (
				ECBD7B402A2A983600A9BA9F /* Debug */,
				ECBD7B412A2A983600A9BA9F /* Release */,
			);
			defaultConfigurationIsVisible = 0;
			defaultConfigurationName = Release;
		};
		ECBD7B422A2A983600A9BA9F /* Build configuration list for PBXNativeTarget "TwitterCloneUITests" */ = {
			isa = XCConfigurationList;
			buildConfigurations = (
				ECBD7B432A2A983600A9BA9F /* Debug */,
				ECBD7B442A2A983600A9BA9F /* Release */,
			);
			defaultConfigurationIsVisible = 0;
			defaultConfigurationName = Release;
		};
/* End XCConfigurationList section */
	};
	rootObject = ECBD7B0A2A2A983300A9BA9F /* Project object */;
}
